<?xml version="1.0" encoding="utf-8"?>
<Project ToolsVersion="4.0" xmlns="http://schemas.microsoft.com/developer/msbuild/2003">
  <ItemGroup>
    <Filter Include="Source Files">
      <UniqueIdentifier>{4FC737F1-C7A5-4376-A066-2A32D752A2FF}</UniqueIdentifier>
      <Extensions>cpp;c;cc;cxx;def;odl;idl;hpj;bat;asm;asmx</Extensions>
    </Filter>
    <Filter Include="Header Files">
      <UniqueIdentifier>{93995380-89BD-4B04-88EB-625FBE52EBFB}</UniqueIdentifier>
      <Extensions>h;hh;hpp;hxx;hm;inl;inc;ipp</Extensions>
    </Filter>
    <Filter Include="Resource Files">
      <UniqueIdentifier>{67DA6AB6-F800-4C08-8B7A-83BB121AAD01}</UniqueIdentifier>
      <Extensions>rc;ico;cur;bmp;dlg;rc2;rct;bin;rgs;gif;jpg;jpeg;jpe;resx;tiff;tif;png;wav;mfcribbon-ms</Extensions>
    </Filter>
    <Filter Include="Utility Files">
      <UniqueIdentifier>{a9d9f9b1-1234-4f3b-9e2a-1a2b3c4d5e6f}</UniqueIdentifier>
    </Filter>
    <Filter Include="Dialog Files">
      <UniqueIdentifier>{b8e8e8c2-2345-5f4c-af3b-2b3c4d5e6f7a}</UniqueIdentifier>
    </Filter>
    <Filter Include="Languages">
      <UniqueIdentifier>{c7d7d7d3-3456-6f5d-bf4c-3c4d5e6f7a8b}</UniqueIdentifier>
    </Filter>
    <Filter Include="Preferences">
      <UniqueIdentifier>{d6c6c6e4-4567-7f6e-cf5d-4d5e6f7a8b9c}</UniqueIdentifier>
    </Filter>
  </ItemGroup>
  <ItemGroup>
    <ClCompile Include="cedtapp.cpp"><Filter>Source Files</Filter></ClCompile>
    <ClCompile Include="cedtAppConf.cpp"><Filter>Source Files</Filter></ClCompile>
    <ClCompile Include="cedtAppDirectory.cpp"><Filter>Source Files</Filter></ClCompile>
    <ClCompile Include="cedtAppFile.cpp"><Filter>Source Files</Filter></ClCompile>
    <ClCompile Include="cedtAppFilter.cpp"><Filter>Source Files</Filter></ClCompile>
    <ClCompile Include="cedtAppHndr.cpp"><Filter>Source Files</Filter></ClCompile>
    <ClCompile Include="cedtAppProject.cpp"><Filter>Source Files</Filter></ClCompile>
    <ClCompile Include="cedtAppRegistry.cpp"><Filter>Source Files</Filter></ClCompile>
    <ClCompile Include="cedtAppSearch.cpp"><Filter>Source Files</Filter></ClCompile>
    <ClCompile Include="cedtAppView.cpp"><Filter>Source Files</Filter></ClCompile>
    <ClCompile Include="cedtDoc.cpp"><Filter>Source Files</Filter></ClCompile>
    <ClCompile Include="cedtDocAnal.cpp"><Filter>Source Files</Filter></ClCompile>
    <ClCompile Include="cedtDocDictionary.cpp"><Filter>Source Files</Filter></ClCompile>
    <ClCompile Include="cedtDocEdit.cpp"><Filter>Source Files</Filter></ClCompile>
    <ClCompile Include="cedtDocEditAdv.cpp"><Filter>Source Files</Filter></ClCompile>
    <ClCompile Include="cedtDocFile.cpp"><Filter>Source Files</Filter></ClCompile>
    <ClCompile Include="cedtDocHndr.cpp"><Filter>Source Files</Filter></ClCompile>
    <ClCompile Include="cedtDocMap.cpp"><Filter>Source Files</Filter></ClCompile>
    <ClCompile Include="cedtDocSearch.cpp"><Filter>Source Files</Filter></ClCompile>
    <ClCompile Include="cedtDocSyntax.cpp"><Filter>Source Files</Filter></ClCompile>
    <ClCompile Include="cedtDocUndo.cpp"><Filter>Source Files</Filter></ClCompile>
    <ClCompile Include="cedtDocView.cpp"><Filter>Source Files</Filter></ClCompile>
    <ClCompile Include="src\core\cedtElement.cpp"><Filter>Source Files</Filter></ClCompile>
    <ClCompile Include="cedtView.cpp"><Filter>Source Files</Filter></ClCompile>
    <ClCompile Include="cedtViewAction.cpp"><Filter>Source Files</Filter></ClCompile>
    <ClCompile Include="cedtViewCaret.cpp"><Filter>Source Files</Filter></ClCompile>
    <ClCompile Include="cedtViewCommand.cpp"><Filter>Source Files</Filter></ClCompile>
    <ClCompile Include="cedtViewDraw.cpp"><Filter>Source Files</Filter></ClCompile>
    <ClCompile Include="cedtViewEdit.cpp"><Filter>Source Files</Filter></ClCompile>
    <ClCompile Include="cedtViewEditAdv.cpp"><Filter>Source Files</Filter></ClCompile>
    <ClCompile Include="cedtViewEditCompose.cpp"><Filter>Source Files</Filter></ClCompile>
    <ClCompile Include="cedtViewEvent.cpp"><Filter>Source Files</Filter></ClCompile>
    <ClCompile Include="cedtViewFont.cpp"><Filter>Source Files</Filter></ClCompile>
    <ClCompile Include="cedtViewFormat.cpp"><Filter>Source Files</Filter></ClCompile>
    <ClCompile Include="cedtViewHighlight.cpp"><Filter>Source Files</Filter></ClCompile>
    <ClCompile Include="cedtViewHndrEdit.cpp"><Filter>Source Files</Filter></ClCompile>
    <ClCompile Include="cedtViewHndrMisc.cpp"><Filter>Source Files</Filter></ClCompile>
    <ClCompile Include="cedtViewMacro.cpp"><Filter>Source Files</Filter></ClCompile>
    <ClCompile Include="cedtViewMap.cpp"><Filter>Source Files</Filter></ClCompile>
    <ClCompile Include="cedtViewMapAdv.cpp"><Filter>Source Files</Filter></ClCompile>
    <ClCompile Include="cedtViewMetric.cpp"><Filter>Source Files</Filter></ClCompile>
    <ClCompile Include="cedtViewMisc.cpp"><Filter>Source Files</Filter></ClCompile>
    <ClCompile Include="cedtViewMove.cpp"><Filter>Source Files</Filter></ClCompile>
    <ClCompile Include="cedtViewPrint.cpp"><Filter>Source Files</Filter></ClCompile>
    <ClCompile Include="cedtViewScroll.cpp"><Filter>Source Files</Filter></ClCompile>
    <ClCompile Include="cedtViewSearch.cpp"><Filter>Source Files</Filter></ClCompile>
    <ClCompile Include="cedtViewSelect.cpp"><Filter>Source Files</Filter></ClCompile>
    <ClCompile Include="cedtViewUndo.cpp"><Filter>Source Files</Filter></ClCompile>
    <ClCompile Include="src\frame\ChildFrm.cpp"><Filter>Source Files</Filter></ClCompile>
    <ClCompile Include="src\panels\FileTab.cpp"><Filter>Source Files</Filter></ClCompile>
    <ClCompile Include="src\panels\FileTabDropTarget.cpp"><Filter>Source Files</Filter></ClCompile>
    <ClCompile Include="src\panels\FileWnd.cpp"><Filter>Source Files</Filter></ClCompile>
    <ClCompile Include="src\panels\FileWndDirectory.cpp"><Filter>Source Files</Filter></ClCompile>
    <ClCompile Include="src\panels\FileWndDropTarget.cpp"><Filter>Source Files</Filter></ClCompile>
    <ClCompile Include="src\panels\FileWndProject.cpp"><Filter>Source Files</Filter></ClCompile>
    <ClCompile Include="src\panels\FileWndRemote.cpp"><Filter>Source Files</Filter></ClCompile>
    <ClCompile Include="src\frame\MainFrm.cpp"><Filter>Source Files</Filter></ClCompile>
    <ClCompile Include="src\frame\MainFrmDropTarget.cpp"><Filter>Source Files</Filter></ClCompile>
    <ClCompile Include="src\frame\MainFrmHndr.cpp"><Filter>Source Files</Filter></ClCompile>
    <ClCompile Include="src\panels\OutputWindow.cpp"><Filter>Source Files</Filter></ClCompile>
    <ClCompile Include="src\network\RemoteFile.cpp"><Filter>Source Files</Filter></ClCompile>
    <ClCompile Include="src\frame\SplitterWndEx.cpp"><Filter>Source Files</Filter></ClCompile>
    <ClCompile Include="src\frame\StatusBarEx.cpp"><Filter>Source Files</Filter></ClCompile>
    <ClCompile Include="src\include\StdAfx.cpp"><Filter>Source Files</Filter></ClCompile>
    <ClCompile Include="src\util\CmdLine.cpp"><Filter>Utility Files</Filter></ClCompile>
    <ClCompile Include="src\util\ColorListBox.cpp"><Filter>Utility Files</Filter></ClCompile>
    <ClCompile Include="src\util\date.cpp"><Filter>Utility Files</Filter></ClCompile>
    <ClCompile Include="src\util\encode.cpp"><Filter>Utility Files</Filter></ClCompile>
    <ClCompile Include="src\util\evaluate.cpp"><Filter>Utility Files</Filter></ClCompile>
    <ClCompile Include="src\util\FolderDialog.cpp"><Filter>Utility Files</Filter></ClCompile>
    <ClCompile Include="src\network\FtpClnt.cpp"><Filter>Utility Files</Filter></ClCompile>
    <ClCompile Include="src\util\HyperLink.cpp"><Filter>Utility Files</Filter></ClCompile>
    <ClCompile Include="src\util\PathName.cpp"><Filter>Utility Files</Filter></ClCompile>
    <ClCompile Include="src\util\RegExp.cpp"><Filter>Utility Files</Filter></ClCompile>
    <ClCompile Include="src\util\registry.cpp"><Filter>Utility Files</Filter></ClCompile>
    <ClCompile Include="src\util\Separator.cpp"><Filter>Utility Files</Filter></ClCompile>
    <ClCompile Include="src\panels\SizeCBar.cpp"><Filter>Utility Files</Filter></ClCompile>
    <ClCompile Include="src\util\SortStringArray.cpp"><Filter>Utility Files</Filter></ClCompile>
    <ClCompile Include="src\util\Utility.cpp"><Filter>Utility Files</Filter></ClCompile>
    <ClCompile Include="src\util\VerticalStatic.cpp"><Filter>Utility Files</Filter></ClCompile>
    <ClCompile Include="src\panels\XPTabCtrl.cpp"><Filter>Utility Files</Filter></ClCompile>
    <ClCompile Include="src\dialogs\AboutDialog.cpp"><Filter>Dialog Files</Filter></ClCompile>
    <ClCompile Include="src\dialogs\AskReplaceDialog.cpp"><Filter>Dialog Files</Filter></ClCompile>
    <ClCompile Include="src\dialogs\DocumentSummary.cpp"><Filter>Dialog Files</Filter></ClCompile>
    <ClCompile Include="src\dialogs\DummyDialog.cpp"><Filter>Dialog Files</Filter></ClCompile>
    <ClCompile Include="src\dialogs\FindDialog.cpp"><Filter>Dialog Files</Filter></ClCompile>
    <ClCompile Include="src\dialogs\FindInFilesDialog.cpp"><Filter>Dialog Files</Filter></ClCompile>
    <ClCompile Include="src\dialogs\FtpAdvancedDialog.cpp"><Filter>Dialog Files</Filter></ClCompile>
    <ClCompile Include="src\dialogs\FtpPasswordDialog.cpp"><Filter>Dialog Files</Filter></ClCompile>
    <ClCompile Include="src\dialogs\FtpSettingsDialog.cpp"><Filter>Dialog Files</Filter></ClCompile>
    <ClCompile Include="src\dialogs\FtpTransferDialog.cpp"><Filter>Dialog Files</Filter></ClCompile>
    <ClCompile Include="src\dialogs\GoToDialog.cpp"><Filter>Dialog Files</Filter></ClCompile>
    <ClCompile Include="src\dialogs\MacroDefineDialog.cpp"><Filter>Dialog Files</Filter></ClCompile>
    <ClCompile Include="src\dialogs\OpenRemoteDialog.cpp"><Filter>Dialog Files</Filter></ClCompile>
    <ClCompile Include="src\dialogs\ReloadAsDialog.cpp"><Filter>Dialog Files</Filter></ClCompile>
    <ClCompile Include="src\dialogs\ReplaceDialog.cpp"><Filter>Dialog Files</Filter></ClCompile>
    <ClCompile Include="src\dialogs\UserInputDialog.cpp"><Filter>Dialog Files</Filter></ClCompile>
    <ClCompile Include="src\dialogs\preferences\prefdialog.cpp"><Filter>Preferences</Filter></ClCompile>
    <ClCompile Include="src\dialogs\preferences\PrefDialogAssoc.cpp"><Filter>Preferences</Filter></ClCompile>
    <ClCompile Include="src\dialogs\preferences\PrefDialogBackup.cpp"><Filter>Preferences</Filter></ClCompile>
    <ClCompile Include="src\dialogs\preferences\PrefDialogColors.cpp"><Filter>Preferences</Filter></ClCompile>
    <ClCompile Include="src\dialogs\preferences\PrefDialogCommands.cpp"><Filter>Preferences</Filter></ClCompile>
    <ClCompile Include="src\dialogs\preferences\PrefDialogDirectory.cpp"><Filter>Preferences</Filter></ClCompile>
    <ClCompile Include="src\dialogs\preferences\PrefDialogFile.cpp"><Filter>Preferences</Filter></ClCompile>
    <ClCompile Include="src\dialogs\preferences\PrefDialogFilters.cpp"><Filter>Preferences</Filter></ClCompile>
    <ClCompile Include="src\dialogs\preferences\PrefDialogFonts.cpp"><Filter>Preferences</Filter></ClCompile>
    <ClCompile Include="src\dialogs\preferences\PrefDialogGeneral.cpp"><Filter>Preferences</Filter></ClCompile>
    <ClCompile Include="src\dialogs\preferences\PrefDialogMacros.cpp"><Filter>Preferences</Filter></ClCompile>
    <ClCompile Include="src\dialogs\preferences\PrefDialogOutput.cpp"><Filter>Preferences</Filter></ClCompile>
    <ClCompile Include="src\dialogs\preferences\PrefDialogPrint.cpp"><Filter>Preferences</Filter></ClCompile>
    <ClCompile Include="src\dialogs\preferences\PrefDialogSyntax.cpp"><Filter>Preferences</Filter></ClCompile>
    <ClCompile Include="src\dialogs\preferences\PrefDialogTools.cpp"><Filter>Preferences</Filter></ClCompile>
    <ClCompile Include="src\dialogs\preferences\PrefDialogVisual.cpp"><Filter>Preferences</Filter></ClCompile>
  </ItemGroup>
  <ItemGroup>
    <ClInclude Include="cedtapp.h"><Filter>Header Files</Filter></ClInclude>
    <ClInclude Include="src\include\cedtColors.h"><Filter>Header Files</Filter></ClInclude>
    <ClInclude Include="cedtDoc.h"><Filter>Header Files</Filter></ClInclude>
    <ClInclude Include="src\core\cedtElement.h"><Filter>Header Files</Filter></ClInclude>
    <ClInclude Include="src\include\cedtHeader.h"><Filter>Header Files</Filter></ClInclude>
    <ClInclude Include="cedtView.h"><Filter>Header Files</Filter></ClInclude>
    <ClInclude Include="src\frame\ChildFrm.h"><Filter>Header Files</Filter></ClInclude>
    <ClInclude Include="src\panels\FileTab.h"><Filter>Header Files</Filter></ClInclude>
    <ClInclude Include="src\panels\FileTabDropTarget.h"><Filter>Header Files</Filter></ClInclude>
    <ClInclude Include="src\panels\FileWnd.h"><Filter>Header Files</Filter></ClInclude>
    <ClInclude Include="src\panels\FileWndDropTarget.h"><Filter>Header Files</Filter></ClInclude>
    <ClInclude Include="src\frame\MainFrm.h"><Filter>Header Files</Filter></ClInclude>
    <ClInclude Include="src\frame\MainFrmDropTarget.h"><Filter>Header Files</Filter></ClInclude>
    <ClInclude Include="src\panels\OutputWindow.h"><Filter>Header Files</Filter></ClInclude>
    <ClInclude Include="src\network\RemoteFile.h"><Filter>Header Files</Filter></ClInclude>
    <ClInclude Include="src\frame\SplitterWndEx.h"><Filter>Header Files</Filter></ClInclude>
    <ClInclude Include="src\frame\StatusBarEx.h"><Filter>Header Files</Filter></ClInclude>
    <ClInclude Include="src\include\StdAfx.h"><Filter>Header Files</Filter></ClInclude>
    <ClInclude Include="src\include\fstream_compat.h"><Filter>Header Files</Filter></ClInclude>
    <ClInclude Include="src\include\resource.h"><Filter>Header Files</Filter></ClInclude>
    <ClInclude Include="src\util\CmdLine.h"><Filter>Utility Files</Filter></ClInclude>
    <ClInclude Include="src\util\ColorListBox.h"><Filter>Utility Files</Filter></ClInclude>
    <ClInclude Include="src\util\date.h"><Filter>Utility Files</Filter></ClInclude>
    <ClInclude Include="src\util\encode.h"><Filter>Utility Files</Filter></ClInclude>
    <ClInclude Include="src\util\evaluate.h"><Filter>Utility Files</Filter></ClInclude>
    <ClInclude Include="src\util\FolderDialog.h"><Filter>Utility Files</Filter></ClInclude>
    <ClInclude Include="src\network\FtpClnt.h"><Filter>Utility Files</Filter></ClInclude>
    <ClInclude Include="third_party\htmlhelp\HtmlHelp.h"><Filter>Utility Files</Filter></ClInclude>
    <ClInclude Include="src\util\HyperLink.h"><Filter>Utility Files</Filter></ClInclude>
    <ClInclude Include="src\util\PathName.h"><Filter>Utility Files</Filter></ClInclude>
    <ClInclude Include="src\util\RegExp.h"><Filter>Utility Files</Filter></ClInclude>
    <ClInclude Include="src\util\registry.h"><Filter>Utility Files</Filter></ClInclude>
    <ClInclude Include="src\util\Separator.h"><Filter>Utility Files</Filter></ClInclude>
    <ClInclude Include="src\panels\SizeCBar.h"><Filter>Utility Files</Filter></ClInclude>
    <ClInclude Include="src\util\SortStringArray.h"><Filter>Utility Files</Filter></ClInclude>
    <ClInclude Include="src\util\Utility.h"><Filter>Utility Files</Filter></ClInclude>
    <ClInclude Include="src\util\VerticalStatic.h"><Filter>Utility Files</Filter></ClInclude>
    <ClInclude Include="src\panels\XPTabCtrl.h"><Filter>Utility Files</Filter></ClInclude>
    <ClInclude Include="src\dialogs\AboutDialog.h"><Filter>Dialog Files</Filter></ClInclude>
    <ClInclude Include="src\dialogs\AskReplaceDialog.h"><Filter>Dialog Files</Filter></ClInclude>
    <ClInclude Include="src\dialogs\DocumentSummary.h"><Filter>Dialog Files</Filter></ClInclude>
    <ClInclude Include="src\dialogs\DummyDialog.h"><Filter>Dialog Files</Filter></ClInclude>
    <ClInclude Include="src\dialogs\FindDialog.h"><Filter>Dialog Files</Filter></ClInclude>
    <ClInclude Include="src\dialogs\FindInFilesDialog.h"><Filter>Dialog Files</Filter></ClInclude>
    <ClInclude Include="src\dialogs\FtpAdvancedDialog.h"><Filter>Dialog Files</Filter></ClInclude>
    <ClInclude Include="src\dialogs\FtpPasswordDialog.h"><Filter>Dialog Files</Filter></ClInclude>
    <ClInclude Include="src\dialogs\FtpSettingsDialog.h"><Filter>Dialog Files</Filter></ClInclude>
    <ClInclude Include="src\dialogs\FtpTransferDialog.h"><Filter>Dialog Files</Filter></ClInclude>
    <ClInclude Include="src\dialogs\GoToDialog.h"><Filter>Dialog Files</Filter></ClInclude>
    <ClInclude Include="src\dialogs\MacroDefineDialog.h"><Filter>Dialog Files</Filter></ClInclude>
    <ClInclude Include="src\dialogs\OpenRemoteDialog.h"><Filter>Dialog Files</Filter></ClInclude>
    <ClInclude Include="src\dialogs\ReloadAsDialog.h"><Filter>Dialog Files</Filter></ClInclude>
    <ClInclude Include="src\dialogs\ReplaceDialog.h"><Filter>Dialog Files</Filter></ClInclude>
    <ClInclude Include="src\dialogs\UserInputDialog.h"><Filter>Dialog Files</Filter></ClInclude>
    <ClInclude Include="src\dialogs\preferences\prefdialog.h"><Filter>Preferences</Filter></ClInclude>
  </ItemGroup>
  <ItemGroup>
    <ResourceCompile Include="cedt_kr.rc"><Filter>Languages</Filter></ResourceCompile>
    <ResourceCompile Include="cedt_us.rc"><Filter>Languages</Filter></ResourceCompile>
  </ItemGroup>
  <ItemGroup>
    <None Include="res\cedt.manifest"><Filter>Resource Files</Filter></None>
    <None Include="res\cedt.rc2"><Filter>Resource Files</Filter></None>
    <Image Include="res\arrowmacro.cur"><Filter>Resource Files</Filter></Image>
    <Image Include="res\cedticon.bmp"><Filter>Resource Files</Filter></Image>
    <Image Include="res\cedtlogo.bmp"><Filter>Resource Files</Filter></Image>
    <Image Include="res\cedttype.ico"><Filter>Resource Files</Filter></Image>
    <Image Include="res\fwincategory.bmp"><Filter>Resource Files</Filter></Image>
    <Image Include="res\fwintooldir.bmp"><Filter>Resource Files</Filter></Image>
    <Image Include="res\fwintoolprj.bmp"><Filter>Resource Files</Filter></Image>
    <Image Include="res\genbuttons.bmp"><Filter>Resource Files</Filter></Image>
    <Image Include="res\ibeammacro.cur"><Filter>Resource Files</Filter></Image>
    <Image Include="res\mainfrm.ico"><Filter>Resource Files</Filter></Image>
    <Image Include="res\mdifiletab.bmp"><Filter>Resource Files</Filter></Image>
    <Image Include="res\projectitem.bmp"><Filter>Resource Files</Filter></Image>
    <Image Include="res\remotehost.bmp"><Filter>Resource Files</Filter></Image>
    <Image Include="res\remoteitem.bmp"><Filter>Resource Files</Filter></Image>
    <Image Include="res\remoteopen.bmp"><Filter>Resource Files</Filter></Image>
    <Image Include="res\rightarrow.cur"><Filter>Resource Files</Filter></Image>
    <Image Include="res\Toolbar.bmp"><Filter>Resource Files</Filter></Image>
    <Image Include="res\winbuttons.bmp"><Filter>Resource Files</Filter></Image>
  </ItemGroup>
</Project>
